
Microsoft Visual Studio Solution File, Format Version 12.00
# Visual Studio 2012
Project("{FAE04EC0-301F-11D3-BF4B-00C04F79EFBC}") = "csharp", "csharp\csharp.csproj", "{B85F11EF-B0D8-4D7B-8D05-6050855D4598}"
EndProject
Project("{FAE04EC0-301F-11D3-BF4B-00C04F79EFBC}") = "SimpleFactoryPattern", "SimpleFactoryPattern\SimpleFactoryPattern.csproj", "{604977D0-B5F2-419D-8011-7C9ECB13C2D4}"
EndProject
Project("{FAE04EC0-301F-11D3-BF4B-00C04F79EFBC}") = "FactoryMethodPattern", "FactoryMethodPattern\FactoryMethodPattern.csproj", "{F73BCB52-6594-4527-BB05-156CACC7ACE9}"
EndProject
Project("{FAE04EC0-301F-11D3-BF4B-00C04F79EFBC}") = "AbstractFactoryPattern", "AbstractFactoryPattern\AbstractFactoryPattern.csproj", "{CF7A2EB6-8737-4AAF-B1CD-D0F88F013799}"
EndProject
Project("{FAE04EC0-301F-11D3-BF4B-00C04F79EFBC}") = "BuilderPattern", "BuilderPattern\BuilderPattern.csproj", "{A8E99FBC-980E-4200-AE74-76BC3D441F80}"
EndProject
Project("{FAE04EC0-301F-11D3-BF4B-00C04F79EFBC}") = "PrototypePattern", "PrototypePattern\PrototypePattern.csproj", "{8D8F1EE9-BBC4-4C36-8900-7C9FDE43489B}"
EndProject
Project("{FAE04EC0-301F-11D3-BF4B-00C04F79EFBC}") = "SingletonPattern", "SingletonPattern\SingletonPattern.csproj", "{196A19DC-CDF3-4BF9-98E9-C55ED8729742}"
EndProject
Project("{FAE04EC0-301F-11D3-BF4B-00C04F79EFBC}") = "AdapterPattern", "AdapterPattern\AdapterPattern.csproj", "{A5D2A68B-A368-434E-9F3E-33B96984A487}"
EndProject
Project("{FAE04EC0-301F-11D3-BF4B-00C04F79EFBC}") = "BridgePattern", "BridgePattern\BridgePattern.csproj", "{CA3A1774-945C-489F-8813-592C0803CA83}"
EndProject
Global
	GlobalSection(SolutionConfigurationPlatforms) = preSolution
		Debug|Any CPU = Debug|Any CPU
		Release|Any CPU = Release|Any CPU
	EndGlobalSection
	GlobalSection(ProjectConfigurationPlatforms) = postSolution
		{B85F11EF-B0D8-4D7B-8D05-6050855D4598}.Debug|Any CPU.ActiveCfg = Debug|Any CPU
		{B85F11EF-B0D8-4D7B-8D05-6050855D4598}.Debug|Any CPU.Build.0 = Debug|Any CPU
		{B85F11EF-B0D8-4D7B-8D05-6050855D4598}.Release|Any CPU.ActiveCfg = Release|Any CPU
		{B85F11EF-B0D8-4D7B-8D05-6050855D4598}.Release|Any CPU.Build.0 = Release|Any CPU
		{604977D0-B5F2-419D-8011-7C9ECB13C2D4}.Debug|Any CPU.ActiveCfg = Debug|Any CPU
		{604977D0-B5F2-419D-8011-7C9ECB13C2D4}.Debug|Any CPU.Build.0 = Debug|Any CPU
		{604977D0-B5F2-419D-8011-7C9ECB13C2D4}.Release|Any CPU.ActiveCfg = Release|Any CPU
		{604977D0-B5F2-419D-8011-7C9ECB13C2D4}.Release|Any CPU.Build.0 = Release|Any CPU
		{F73BCB52-6594-4527-BB05-156CACC7ACE9}.Debug|Any CPU.ActiveCfg = Debug|Any CPU
		{F73BCB52-6594-4527-BB05-156CACC7ACE9}.Debug|Any CPU.Build.0 = Debug|Any CPU
		{F73BCB52-6594-4527-BB05-156CACC7ACE9}.Release|Any CPU.ActiveCfg = Release|Any CPU
		{F73BCB52-6594-4527-BB05-156CACC7ACE9}.Release|Any CPU.Build.0 = Release|Any CPU
		{CF7A2EB6-8737-4AAF-B1CD-D0F88F013799}.Debug|Any CPU.ActiveCfg = Debug|Any CPU
		{CF7A2EB6-8737-4AAF-B1CD-D0F88F013799}.Debug|Any CPU.Build.0 = Debug|Any CPU
		{CF7A2EB6-8737-4AAF-B1CD-D0F88F013799}.Release|Any CPU.ActiveCfg = Release|Any CPU
		{CF7A2EB6-8737-4AAF-B1CD-D0F88F013799}.Release|Any CPU.Build.0 = Release|Any CPU
		{A8E99FBC-980E-4200-AE74-76BC3D441F80}.Debug|Any CPU.ActiveCfg = Debug|Any CPU
		{A8E99FBC-980E-4200-AE74-76BC3D441F80}.Debug|Any CPU.Build.0 = Debug|Any CPU
		{A8E99FBC-980E-4200-AE74-76BC3D441F80}.Release|Any CPU.ActiveCfg = Release|Any CPU
		{A8E99FBC-980E-4200-AE74-76BC3D441F80}.Release|Any CPU.Build.0 = Release|Any CPU
		{8D8F1EE9-BBC4-4C36-8900-7C9FDE43489B}.Debug|Any CPU.ActiveCfg = Debug|Any CPU
		{8D8F1EE9-BBC4-4C36-8900-7C9FDE43489B}.Debug|Any CPU.Build.0 = Debug|Any CPU
		{8D8F1EE9-BBC4-4C36-8900-7C9FDE43489B}.Release|Any CPU.ActiveCfg = Release|Any CPU
		{8D8F1EE9-BBC4-4C36-8900-7C9FDE43489B}.Release|Any CPU.Build.0 = Release|Any CPU
		{196A19DC-CDF3-4BF9-98E9-C55ED8729742}.Debug|Any CPU.ActiveCfg = Debug|Any CPU
		{196A19DC-CDF3-4BF9-98E9-C55ED8729742}.Debug|Any CPU.Build.0 = Debug|Any CPU
		{196A19DC-CDF3-4BF9-98E9-C55ED8729742}.Release|Any CPU.ActiveCfg = Release|Any CPU
		{196A19DC-CDF3-4BF9-98E9-C55ED8729742}.Release|Any CPU.Build.0 = Release|Any CPU
		{A5D2A68B-A368-434E-9F3E-33B96984A487}.Debug|Any CPU.ActiveCfg = Debug|Any CPU
		{A5D2A68B-A368-434E-9F3E-33B96984A487}.Debug|Any CPU.Build.0 = Debug|Any CPU
		{A5D2A68B-A368-434E-9F3E-33B96984A487}.Release|Any CPU.ActiveCfg = Release|Any CPU
		{A5D2A68B-A368-434E-9F3E-33B96984A487}.Release|Any CPU.Build.0 = Release|Any CPU
		{CA3A1774-945C-489F-8813-592C0803CA83}.Debug|Any CPU.ActiveCfg = Debug|Any CPU
		{CA3A1774-945C-489F-8813-592C0803CA83}.Debug|Any CPU.Build.0 = Debug|Any CPU
		{CA3A1774-945C-489F-8813-592C0803CA83}.Release|Any CPU.ActiveCfg = Release|Any CPU
		{CA3A1774-945C-489F-8813-592C0803CA83}.Release|Any CPU.Build.0 = Release|Any CPU
	EndGlobalSection
	GlobalSection(SolutionProperties) = preSolution
		HideSolutionNode = FALSE
	EndGlobalSection
EndGlobal
