
Microsoft Visual Studio Solution File, Format Version 12.00
# Visual Studio 2012
Project("{FAE04EC0-301F-11D3-BF4B-00C04F79EFBC}") = "DesignPattern.AbstractFactory", "DesignPattern.AbstractFactory\DesignPattern.AbstractFactory.csproj", "{14F57B37-6B2A-46B0-8BD3-58ED0DAFCFD9}"
EndProject
Project("{FAE04EC0-301F-11D3-BF4B-00C04F79EFBC}") = "DesignPattern.Adapter", "DesignPattern.Adapter\DesignPattern.Adapter.csproj", "{BA502312-815F-40C0-97CF-AFE1C0CEA15D}"
EndProject
Project("{FAE04EC0-301F-11D3-BF4B-00C04F79EFBC}") = "DesignPattern.Bridge", "DesignPattern.Bridge\DesignPattern.Bridge.csproj", "{CD1A94A7-0F9A-4861-9A9C-95A2991FAE6D}"
EndProject
Project("{FAE04EC0-301F-11D3-BF4B-00C04F79EFBC}") = "DesignPattern.Builder", "DesignPattern.Builder\DesignPattern.Builder.csproj", "{A1DB79CD-D1E8-46A7-8B15-BA17F490F053}"
EndProject
Project("{FAE04EC0-301F-11D3-BF4B-00C04F79EFBC}") = "DesignPattern.Command", "DesignPattern.Command\DesignPattern.Command.csproj", "{57F8494C-4FCE-4FF4-8ABB-B44ADFAD29F3}"
EndProject
Project("{FAE04EC0-301F-11D3-BF4B-00C04F79EFBC}") = "DesignPattern.Composite", "DesignPattern.Composite\DesignPattern.Composite.csproj", "{E9B6DBBE-1F16-475C-80E2-FE441CCD2963}"
EndProject
Project("{FAE04EC0-301F-11D3-BF4B-00C04F79EFBC}") = "DesignPattern.Decorator", "DesignPattern.Decorator\DesignPattern.Decorator.csproj", "{D721DCF7-FBBD-4D81-9CBE-7E9DBB054214}"
EndProject
Project("{FAE04EC0-301F-11D3-BF4B-00C04F79EFBC}") = "DesignPattern.Facade", "DesignPattern.Facade\DesignPattern.Facade.csproj", "{77ED12D4-A8B2-4E37-A810-4C426CC1C6AF}"
EndProject
Project("{FAE04EC0-301F-11D3-BF4B-00C04F79EFBC}") = "DesignPattern.FactoryMethod", "DesignPattern.FactoryMethod\DesignPattern.FactoryMethod.csproj", "{06A0416D-8A05-419C-8F23-67EDB978975E}"
EndProject
Project("{FAE04EC0-301F-11D3-BF4B-00C04F79EFBC}") = "DesignPattern.Flyweight", "DesignPattern.Flyweight\DesignPattern.Flyweight.csproj", "{C53A24CD-848B-472E-9D0F-6D7E9C69D3E0}"
EndProject
Project("{FAE04EC0-301F-11D3-BF4B-00C04F79EFBC}") = "DesignPattern.Interpreter", "DesignPattern.Interpreter\DesignPattern.Interpreter.csproj", "{B2502E1F-3D74-42E6-9156-C43532C0B47A}"
EndProject
Project("{FAE04EC0-301F-11D3-BF4B-00C04F79EFBC}") = "DesignPattern.Prototype", "DesignPattern.Prototype\DesignPattern.Prototype.csproj", "{2DB9BBC8-D00A-4C5A-BD6F-B231D60E440E}"
EndProject
Project("{FAE04EC0-301F-11D3-BF4B-00C04F79EFBC}") = "DesignPattern.Proxy", "DesignPattern.Proxy\DesignPattern.Proxy.csproj", "{6714EC7B-4A10-4BD2-957D-253B25B95E85}"
EndProject
Project("{FAE04EC0-301F-11D3-BF4B-00C04F79EFBC}") = "DesignPattern.Responsibility", "DesignPattern.Responsibility\DesignPattern.Responsibility.csproj", "{08EA5271-46D0-45EA-9859-4BF3F149209B}"
EndProject
Project("{FAE04EC0-301F-11D3-BF4B-00C04F79EFBC}") = "DesignPattern.SimpleFactory", "DesignPattern.SimpleFactory\DesignPattern.SimpleFactory.csproj", "{3745C826-E9B7-4D16-B0D0-239FEF3F65B9}"
EndProject
Project("{FAE04EC0-301F-11D3-BF4B-00C04F79EFBC}") = "DesignPattern.Singleton", "DesignPattern.Singleton\DesignPattern.Singleton.csproj", "{81EDF534-BAD7-4561-B4DB-2633F8BC19C9}"
EndProject
Global
	GlobalSection(SolutionConfigurationPlatforms) = preSolution
		Debug|Any CPU = Debug|Any CPU
		Release|Any CPU = Release|Any CPU
	EndGlobalSection
	GlobalSection(ProjectConfigurationPlatforms) = postSolution
		{14F57B37-6B2A-46B0-8BD3-58ED0DAFCFD9}.Debug|Any CPU.ActiveCfg = Debug|Any CPU
		{14F57B37-6B2A-46B0-8BD3-58ED0DAFCFD9}.Debug|Any CPU.Build.0 = Debug|Any CPU
		{14F57B37-6B2A-46B0-8BD3-58ED0DAFCFD9}.Release|Any CPU.ActiveCfg = Release|Any CPU
		{14F57B37-6B2A-46B0-8BD3-58ED0DAFCFD9}.Release|Any CPU.Build.0 = Release|Any CPU
		{BA502312-815F-40C0-97CF-AFE1C0CEA15D}.Debug|Any CPU.ActiveCfg = Debug|Any CPU
		{BA502312-815F-40C0-97CF-AFE1C0CEA15D}.Debug|Any CPU.Build.0 = Debug|Any CPU
		{BA502312-815F-40C0-97CF-AFE1C0CEA15D}.Release|Any CPU.ActiveCfg = Release|Any CPU
		{BA502312-815F-40C0-97CF-AFE1C0CEA15D}.Release|Any CPU.Build.0 = Release|Any CPU
		{CD1A94A7-0F9A-4861-9A9C-95A2991FAE6D}.Debug|Any CPU.ActiveCfg = Debug|Any CPU
		{CD1A94A7-0F9A-4861-9A9C-95A2991FAE6D}.Debug|Any CPU.Build.0 = Debug|Any CPU
		{CD1A94A7-0F9A-4861-9A9C-95A2991FAE6D}.Release|Any CPU.ActiveCfg = Release|Any CPU
		{CD1A94A7-0F9A-4861-9A9C-95A2991FAE6D}.Release|Any CPU.Build.0 = Release|Any CPU
		{A1DB79CD-D1E8-46A7-8B15-BA17F490F053}.Debug|Any CPU.ActiveCfg = Debug|Any CPU
		{A1DB79CD-D1E8-46A7-8B15-BA17F490F053}.Debug|Any CPU.Build.0 = Debug|Any CPU
		{A1DB79CD-D1E8-46A7-8B15-BA17F490F053}.Release|Any CPU.ActiveCfg = Release|Any CPU
		{A1DB79CD-D1E8-46A7-8B15-BA17F490F053}.Release|Any CPU.Build.0 = Release|Any CPU
		{57F8494C-4FCE-4FF4-8ABB-B44ADFAD29F3}.Debug|Any CPU.ActiveCfg = Debug|Any CPU
		{57F8494C-4FCE-4FF4-8ABB-B44ADFAD29F3}.Debug|Any CPU.Build.0 = Debug|Any CPU
		{57F8494C-4FCE-4FF4-8ABB-B44ADFAD29F3}.Release|Any CPU.ActiveCfg = Release|Any CPU
		{57F8494C-4FCE-4FF4-8ABB-B44ADFAD29F3}.Release|Any CPU.Build.0 = Release|Any CPU
		{E9B6DBBE-1F16-475C-80E2-FE441CCD2963}.Debug|Any CPU.ActiveCfg = Debug|Any CPU
		{E9B6DBBE-1F16-475C-80E2-FE441CCD2963}.Debug|Any CPU.Build.0 = Debug|Any CPU
		{E9B6DBBE-1F16-475C-80E2-FE441CCD2963}.Release|Any CPU.ActiveCfg = Release|Any CPU
		{E9B6DBBE-1F16-475C-80E2-FE441CCD2963}.Release|Any CPU.Build.0 = Release|Any CPU
		{D721DCF7-FBBD-4D81-9CBE-7E9DBB054214}.Debug|Any CPU.ActiveCfg = Debug|Any CPU
		{D721DCF7-FBBD-4D81-9CBE-7E9DBB054214}.Debug|Any CPU.Build.0 = Debug|Any CPU
		{D721DCF7-FBBD-4D81-9CBE-7E9DBB054214}.Release|Any CPU.ActiveCfg = Release|Any CPU
		{D721DCF7-FBBD-4D81-9CBE-7E9DBB054214}.Release|Any CPU.Build.0 = Release|Any CPU
		{77ED12D4-A8B2-4E37-A810-4C426CC1C6AF}.Debug|Any CPU.ActiveCfg = Debug|Any CPU
		{77ED12D4-A8B2-4E37-A810-4C426CC1C6AF}.Debug|Any CPU.Build.0 = Debug|Any CPU
		{77ED12D4-A8B2-4E37-A810-4C426CC1C6AF}.Release|Any CPU.ActiveCfg = Release|Any CPU
		{77ED12D4-A8B2-4E37-A810-4C426CC1C6AF}.Release|Any CPU.Build.0 = Release|Any CPU
		{06A0416D-8A05-419C-8F23-67EDB978975E}.Debug|Any CPU.ActiveCfg = Debug|Any CPU
		{06A0416D-8A05-419C-8F23-67EDB978975E}.Debug|Any CPU.Build.0 = Debug|Any CPU
		{06A0416D-8A05-419C-8F23-67EDB978975E}.Release|Any CPU.ActiveCfg = Release|Any CPU
		{06A0416D-8A05-419C-8F23-67EDB978975E}.Release|Any CPU.Build.0 = Release|Any CPU
		{C53A24CD-848B-472E-9D0F-6D7E9C69D3E0}.Debug|Any CPU.ActiveCfg = Debug|Any CPU
		{C53A24CD-848B-472E-9D0F-6D7E9C69D3E0}.Debug|Any CPU.Build.0 = Debug|Any CPU
		{C53A24CD-848B-472E-9D0F-6D7E9C69D3E0}.Release|Any CPU.ActiveCfg = Release|Any CPU
		{C53A24CD-848B-472E-9D0F-6D7E9C69D3E0}.Release|Any CPU.Build.0 = Release|Any CPU
		{B2502E1F-3D74-42E6-9156-C43532C0B47A}.Debug|Any CPU.ActiveCfg = Debug|Any CPU
		{B2502E1F-3D74-42E6-9156-C43532C0B47A}.Debug|Any CPU.Build.0 = Debug|Any CPU
		{B2502E1F-3D74-42E6-9156-C43532C0B47A}.Release|Any CPU.ActiveCfg = Release|Any CPU
		{B2502E1F-3D74-42E6-9156-C43532C0B47A}.Release|Any CPU.Build.0 = Release|Any CPU
		{2DB9BBC8-D00A-4C5A-BD6F-B231D60E440E}.Debug|Any CPU.ActiveCfg = Debug|Any CPU
		{2DB9BBC8-D00A-4C5A-BD6F-B231D60E440E}.Debug|Any CPU.Build.0 = Debug|Any CPU
		{2DB9BBC8-D00A-4C5A-BD6F-B231D60E440E}.Release|Any CPU.ActiveCfg = Release|Any CPU
		{2DB9BBC8-D00A-4C5A-BD6F-B231D60E440E}.Release|Any CPU.Build.0 = Release|Any CPU
		{6714EC7B-4A10-4BD2-957D-253B25B95E85}.Debug|Any CPU.ActiveCfg = Debug|Any CPU
		{6714EC7B-4A10-4BD2-957D-253B25B95E85}.Debug|Any CPU.Build.0 = Debug|Any CPU
		{6714EC7B-4A10-4BD2-957D-253B25B95E85}.Release|Any CPU.ActiveCfg = Release|Any CPU
		{6714EC7B-4A10-4BD2-957D-253B25B95E85}.Release|Any CPU.Build.0 = Release|Any CPU
		{08EA5271-46D0-45EA-9859-4BF3F149209B}.Debug|Any CPU.ActiveCfg = Debug|Any CPU
		{08EA5271-46D0-45EA-9859-4BF3F149209B}.Debug|Any CPU.Build.0 = Debug|Any CPU
		{08EA5271-46D0-45EA-9859-4BF3F149209B}.Release|Any CPU.ActiveCfg = Release|Any CPU
		{08EA5271-46D0-45EA-9859-4BF3F149209B}.Release|Any CPU.Build.0 = Release|Any CPU
		{3745C826-E9B7-4D16-B0D0-239FEF3F65B9}.Debug|Any CPU.ActiveCfg = Debug|Any CPU
		{3745C826-E9B7-4D16-B0D0-239FEF3F65B9}.Debug|Any CPU.Build.0 = Debug|Any CPU
		{3745C826-E9B7-4D16-B0D0-239FEF3F65B9}.Release|Any CPU.ActiveCfg = Release|Any CPU
		{3745C826-E9B7-4D16-B0D0-239FEF3F65B9}.Release|Any CPU.Build.0 = Release|Any CPU
		{81EDF534-BAD7-4561-B4DB-2633F8BC19C9}.Debug|Any CPU.ActiveCfg = Debug|Any CPU
		{81EDF534-BAD7-4561-B4DB-2633F8BC19C9}.Debug|Any CPU.Build.0 = Debug|Any CPU
		{81EDF534-BAD7-4561-B4DB-2633F8BC19C9}.Release|Any CPU.ActiveCfg = Release|Any CPU
		{81EDF534-BAD7-4561-B4DB-2633F8BC19C9}.Release|Any CPU.Build.0 = Release|Any CPU
	EndGlobalSection
	GlobalSection(SolutionProperties) = preSolution
		HideSolutionNode = FALSE
	EndGlobalSection
EndGlobal
