
Microsoft Visual Studio Solution File, Format Version 12.00
# Visual Studio 2012
Project("{8BC9CEB8-8B4A-11D0-8D11-00A0C91BC942}") = "SimpleFactoryPattern", "SimpleFactoryPattern\SimpleFactoryPattern.vcxproj", "{8E8BA2E8-18C0-4396-A6CA-8A0FDCE37B78}"
EndProject
Project("{8BC9CEB8-8B4A-11D0-8D11-00A0C91BC942}") = "FactoryMethodPattern", "FactoryMethodPattern\FactoryMethodPattern.vcxproj", "{557BCBC7-ACD1-4F62-AEF6-160EF3675B50}"
EndProject
Project("{8BC9CEB8-8B4A-11D0-8D11-00A0C91BC942}") = "AbstractFactoryPattern", "AbstractFactoryPattern\AbstractFactoryPattern.vcxproj", "{A509DD07-7F30-4EB9-992C-32A06EC7A5AD}"
EndProject
Project("{8BC9CEB8-8B4A-11D0-8D11-00A0C91BC942}") = "BuilderPattern", "BuilderPattern\BuilderPattern.vcxproj", "{A950DF42-D730-4E23-B474-D7CBD8A02685}"
EndProject
Project("{8BC9CEB8-8B4A-11D0-8D11-00A0C91BC942}") = "PrototypePattern", "PrototypePattern\PrototypePattern.vcxproj", "{9B7224AB-18D0-4E23-8DAA-35557EE1E3EB}"
EndProject
Project("{8BC9CEB8-8B4A-11D0-8D11-00A0C91BC942}") = "SingletonPattern", "SingletonPattern\SingletonPattern.vcxproj", "{FF33FB44-517A-4CDD-8B5C-6FBC55241F13}"
EndProject
Project("{8BC9CEB8-8B4A-11D0-8D11-00A0C91BC942}") = "AdapterPattern", "AdapterPattern\AdapterPattern.vcxproj", "{A96247A0-EF15-4FFB-A2CF-A77E4A626A57}"
EndProject
Project("{8BC9CEB8-8B4A-11D0-8D11-00A0C91BC942}") = "BridgePattern", "BridgePattern\BridgePattern.vcxproj", "{824AF8C5-7B54-4622-B811-17E219FBC9EF}"
EndProject
Project("{8BC9CEB8-8B4A-11D0-8D11-00A0C91BC942}") = "CompositePattern", "CompositePattern\CompositePattern.vcxproj", "{AC08E4D6-B048-4AA0-95CF-7FD184F6FFC6}"
EndProject
Project("{8BC9CEB8-8B4A-11D0-8D11-00A0C91BC942}") = "DecoratorPattern", "DecoratorPattern\DecoratorPattern.vcxproj", "{B4195BFF-3904-4A9B-B34A-A99B740E6F66}"
EndProject
Global
	GlobalSection(SolutionConfigurationPlatforms) = preSolution
		Debug|Any CPU = Debug|Any CPU
		Debug|Mixed Platforms = Debug|Mixed Platforms
		Debug|Win32 = Debug|Win32
		Release|Any CPU = Release|Any CPU
		Release|Mixed Platforms = Release|Mixed Platforms
		Release|Win32 = Release|Win32
	EndGlobalSection
	GlobalSection(ProjectConfigurationPlatforms) = postSolution
		{8E8BA2E8-18C0-4396-A6CA-8A0FDCE37B78}.Debug|Any CPU.ActiveCfg = Debug|Win32
		{8E8BA2E8-18C0-4396-A6CA-8A0FDCE37B78}.Debug|Mixed Platforms.ActiveCfg = Debug|Win32
		{8E8BA2E8-18C0-4396-A6CA-8A0FDCE37B78}.Debug|Mixed Platforms.Build.0 = Debug|Win32
		{8E8BA2E8-18C0-4396-A6CA-8A0FDCE37B78}.Debug|Win32.ActiveCfg = Debug|Win32
		{8E8BA2E8-18C0-4396-A6CA-8A0FDCE37B78}.Debug|Win32.Build.0 = Debug|Win32
		{8E8BA2E8-18C0-4396-A6CA-8A0FDCE37B78}.Release|Any CPU.ActiveCfg = Release|Win32
		{8E8BA2E8-18C0-4396-A6CA-8A0FDCE37B78}.Release|Mixed Platforms.ActiveCfg = Release|Win32
		{8E8BA2E8-18C0-4396-A6CA-8A0FDCE37B78}.Release|Mixed Platforms.Build.0 = Release|Win32
		{8E8BA2E8-18C0-4396-A6CA-8A0FDCE37B78}.Release|Win32.ActiveCfg = Release|Win32
		{8E8BA2E8-18C0-4396-A6CA-8A0FDCE37B78}.Release|Win32.Build.0 = Release|Win32
		{557BCBC7-ACD1-4F62-AEF6-160EF3675B50}.Debug|Any CPU.ActiveCfg = Debug|Win32
		{557BCBC7-ACD1-4F62-AEF6-160EF3675B50}.Debug|Mixed Platforms.ActiveCfg = Debug|Win32
		{557BCBC7-ACD1-4F62-AEF6-160EF3675B50}.Debug|Mixed Platforms.Build.0 = Debug|Win32
		{557BCBC7-ACD1-4F62-AEF6-160EF3675B50}.Debug|Win32.ActiveCfg = Debug|Win32
		{557BCBC7-ACD1-4F62-AEF6-160EF3675B50}.Debug|Win32.Build.0 = Debug|Win32
		{557BCBC7-ACD1-4F62-AEF6-160EF3675B50}.Release|Any CPU.ActiveCfg = Release|Win32
		{557BCBC7-ACD1-4F62-AEF6-160EF3675B50}.Release|Mixed Platforms.ActiveCfg = Release|Win32
		{557BCBC7-ACD1-4F62-AEF6-160EF3675B50}.Release|Mixed Platforms.Build.0 = Release|Win32
		{557BCBC7-ACD1-4F62-AEF6-160EF3675B50}.Release|Win32.ActiveCfg = Release|Win32
		{557BCBC7-ACD1-4F62-AEF6-160EF3675B50}.Release|Win32.Build.0 = Release|Win32
		{A509DD07-7F30-4EB9-992C-32A06EC7A5AD}.Debug|Any CPU.ActiveCfg = Debug|Win32
		{A509DD07-7F30-4EB9-992C-32A06EC7A5AD}.Debug|Mixed Platforms.ActiveCfg = Debug|Win32
		{A509DD07-7F30-4EB9-992C-32A06EC7A5AD}.Debug|Mixed Platforms.Build.0 = Debug|Win32
		{A509DD07-7F30-4EB9-992C-32A06EC7A5AD}.Debug|Win32.ActiveCfg = Debug|Win32
		{A509DD07-7F30-4EB9-992C-32A06EC7A5AD}.Debug|Win32.Build.0 = Debug|Win32
		{A509DD07-7F30-4EB9-992C-32A06EC7A5AD}.Release|Any CPU.ActiveCfg = Release|Win32
		{A509DD07-7F30-4EB9-992C-32A06EC7A5AD}.Release|Mixed Platforms.ActiveCfg = Release|Win32
		{A509DD07-7F30-4EB9-992C-32A06EC7A5AD}.Release|Mixed Platforms.Build.0 = Release|Win32
		{A509DD07-7F30-4EB9-992C-32A06EC7A5AD}.Release|Win32.ActiveCfg = Release|Win32
		{A509DD07-7F30-4EB9-992C-32A06EC7A5AD}.Release|Win32.Build.0 = Release|Win32
		{A950DF42-D730-4E23-B474-D7CBD8A02685}.Debug|Any CPU.ActiveCfg = Debug|Win32
		{A950DF42-D730-4E23-B474-D7CBD8A02685}.Debug|Mixed Platforms.ActiveCfg = Debug|Win32
		{A950DF42-D730-4E23-B474-D7CBD8A02685}.Debug|Mixed Platforms.Build.0 = Debug|Win32
		{A950DF42-D730-4E23-B474-D7CBD8A02685}.Debug|Win32.ActiveCfg = Debug|Win32
		{A950DF42-D730-4E23-B474-D7CBD8A02685}.Debug|Win32.Build.0 = Debug|Win32
		{A950DF42-D730-4E23-B474-D7CBD8A02685}.Release|Any CPU.ActiveCfg = Release|Win32
		{A950DF42-D730-4E23-B474-D7CBD8A02685}.Release|Mixed Platforms.ActiveCfg = Release|Win32
		{A950DF42-D730-4E23-B474-D7CBD8A02685}.Release|Mixed Platforms.Build.0 = Release|Win32
		{A950DF42-D730-4E23-B474-D7CBD8A02685}.Release|Win32.ActiveCfg = Release|Win32
		{A950DF42-D730-4E23-B474-D7CBD8A02685}.Release|Win32.Build.0 = Release|Win32
		{9B7224AB-18D0-4E23-8DAA-35557EE1E3EB}.Debug|Any CPU.ActiveCfg = Debug|Win32
		{9B7224AB-18D0-4E23-8DAA-35557EE1E3EB}.Debug|Mixed Platforms.ActiveCfg = Debug|Win32
		{9B7224AB-18D0-4E23-8DAA-35557EE1E3EB}.Debug|Mixed Platforms.Build.0 = Debug|Win32
		{9B7224AB-18D0-4E23-8DAA-35557EE1E3EB}.Debug|Win32.ActiveCfg = Debug|Win32
		{9B7224AB-18D0-4E23-8DAA-35557EE1E3EB}.Debug|Win32.Build.0 = Debug|Win32
		{9B7224AB-18D0-4E23-8DAA-35557EE1E3EB}.Release|Any CPU.ActiveCfg = Release|Win32
		{9B7224AB-18D0-4E23-8DAA-35557EE1E3EB}.Release|Mixed Platforms.ActiveCfg = Release|Win32
		{9B7224AB-18D0-4E23-8DAA-35557EE1E3EB}.Release|Mixed Platforms.Build.0 = Release|Win32
		{9B7224AB-18D0-4E23-8DAA-35557EE1E3EB}.Release|Win32.ActiveCfg = Release|Win32
		{9B7224AB-18D0-4E23-8DAA-35557EE1E3EB}.Release|Win32.Build.0 = Release|Win32
		{FF33FB44-517A-4CDD-8B5C-6FBC55241F13}.Debug|Any CPU.ActiveCfg = Debug|Win32
		{FF33FB44-517A-4CDD-8B5C-6FBC55241F13}.Debug|Mixed Platforms.ActiveCfg = Debug|Win32
		{FF33FB44-517A-4CDD-8B5C-6FBC55241F13}.Debug|Mixed Platforms.Build.0 = Debug|Win32
		{FF33FB44-517A-4CDD-8B5C-6FBC55241F13}.Debug|Win32.ActiveCfg = Debug|Win32
		{FF33FB44-517A-4CDD-8B5C-6FBC55241F13}.Debug|Win32.Build.0 = Debug|Win32
		{FF33FB44-517A-4CDD-8B5C-6FBC55241F13}.Release|Any CPU.ActiveCfg = Release|Win32
		{FF33FB44-517A-4CDD-8B5C-6FBC55241F13}.Release|Mixed Platforms.ActiveCfg = Release|Win32
		{FF33FB44-517A-4CDD-8B5C-6FBC55241F13}.Release|Mixed Platforms.Build.0 = Release|Win32
		{FF33FB44-517A-4CDD-8B5C-6FBC55241F13}.Release|Win32.ActiveCfg = Release|Win32
		{FF33FB44-517A-4CDD-8B5C-6FBC55241F13}.Release|Win32.Build.0 = Release|Win32
		{A96247A0-EF15-4FFB-A2CF-A77E4A626A57}.Debug|Any CPU.ActiveCfg = Debug|Win32
		{A96247A0-EF15-4FFB-A2CF-A77E4A626A57}.Debug|Mixed Platforms.ActiveCfg = Debug|Win32
		{A96247A0-EF15-4FFB-A2CF-A77E4A626A57}.Debug|Mixed Platforms.Build.0 = Debug|Win32
		{A96247A0-EF15-4FFB-A2CF-A77E4A626A57}.Debug|Win32.ActiveCfg = Debug|Win32
		{A96247A0-EF15-4FFB-A2CF-A77E4A626A57}.Debug|Win32.Build.0 = Debug|Win32
		{A96247A0-EF15-4FFB-A2CF-A77E4A626A57}.Release|Any CPU.ActiveCfg = Release|Win32
		{A96247A0-EF15-4FFB-A2CF-A77E4A626A57}.Release|Mixed Platforms.ActiveCfg = Release|Win32
		{A96247A0-EF15-4FFB-A2CF-A77E4A626A57}.Release|Mixed Platforms.Build.0 = Release|Win32
		{A96247A0-EF15-4FFB-A2CF-A77E4A626A57}.Release|Win32.ActiveCfg = Release|Win32
		{A96247A0-EF15-4FFB-A2CF-A77E4A626A57}.Release|Win32.Build.0 = Release|Win32
		{824AF8C5-7B54-4622-B811-17E219FBC9EF}.Debug|Any CPU.ActiveCfg = Debug|Win32
		{824AF8C5-7B54-4622-B811-17E219FBC9EF}.Debug|Mixed Platforms.ActiveCfg = Debug|Win32
		{824AF8C5-7B54-4622-B811-17E219FBC9EF}.Debug|Mixed Platforms.Build.0 = Debug|Win32
		{824AF8C5-7B54-4622-B811-17E219FBC9EF}.Debug|Win32.ActiveCfg = Debug|Win32
		{824AF8C5-7B54-4622-B811-17E219FBC9EF}.Debug|Win32.Build.0 = Debug|Win32
		{824AF8C5-7B54-4622-B811-17E219FBC9EF}.Release|Any CPU.ActiveCfg = Release|Win32
		{824AF8C5-7B54-4622-B811-17E219FBC9EF}.Release|Mixed Platforms.ActiveCfg = Release|Win32
		{824AF8C5-7B54-4622-B811-17E219FBC9EF}.Release|Mixed Platforms.Build.0 = Release|Win32
		{824AF8C5-7B54-4622-B811-17E219FBC9EF}.Release|Win32.ActiveCfg = Release|Win32
		{824AF8C5-7B54-4622-B811-17E219FBC9EF}.Release|Win32.Build.0 = Release|Win32
		{AC08E4D6-B048-4AA0-95CF-7FD184F6FFC6}.Debug|Any CPU.ActiveCfg = Debug|Win32
		{AC08E4D6-B048-4AA0-95CF-7FD184F6FFC6}.Debug|Mixed Platforms.ActiveCfg = Debug|Win32
		{AC08E4D6-B048-4AA0-95CF-7FD184F6FFC6}.Debug|Mixed Platforms.Build.0 = Debug|Win32
		{AC08E4D6-B048-4AA0-95CF-7FD184F6FFC6}.Debug|Win32.ActiveCfg = Debug|Win32
		{AC08E4D6-B048-4AA0-95CF-7FD184F6FFC6}.Debug|Win32.Build.0 = Debug|Win32
		{AC08E4D6-B048-4AA0-95CF-7FD184F6FFC6}.Release|Any CPU.ActiveCfg = Release|Win32
		{AC08E4D6-B048-4AA0-95CF-7FD184F6FFC6}.Release|Mixed Platforms.ActiveCfg = Release|Win32
		{AC08E4D6-B048-4AA0-95CF-7FD184F6FFC6}.Release|Mixed Platforms.Build.0 = Release|Win32
		{AC08E4D6-B048-4AA0-95CF-7FD184F6FFC6}.Release|Win32.ActiveCfg = Release|Win32
		{AC08E4D6-B048-4AA0-95CF-7FD184F6FFC6}.Release|Win32.Build.0 = Release|Win32
		{B4195BFF-3904-4A9B-B34A-A99B740E6F66}.Debug|Any CPU.ActiveCfg = Debug|Win32
		{B4195BFF-3904-4A9B-B34A-A99B740E6F66}.Debug|Mixed Platforms.ActiveCfg = Debug|Win32
		{B4195BFF-3904-4A9B-B34A-A99B740E6F66}.Debug|Mixed Platforms.Build.0 = Debug|Win32
		{B4195BFF-3904-4A9B-B34A-A99B740E6F66}.Debug|Win32.ActiveCfg = Debug|Win32
		{B4195BFF-3904-4A9B-B34A-A99B740E6F66}.Debug|Win32.Build.0 = Debug|Win32
		{B4195BFF-3904-4A9B-B34A-A99B740E6F66}.Release|Any CPU.ActiveCfg = Release|Win32
		{B4195BFF-3904-4A9B-B34A-A99B740E6F66}.Release|Mixed Platforms.ActiveCfg = Release|Win32
		{B4195BFF-3904-4A9B-B34A-A99B740E6F66}.Release|Mixed Platforms.Build.0 = Release|Win32
		{B4195BFF-3904-4A9B-B34A-A99B740E6F66}.Release|Win32.ActiveCfg = Release|Win32
		{B4195BFF-3904-4A9B-B34A-A99B740E6F66}.Release|Win32.Build.0 = Release|Win32
	EndGlobalSection
	GlobalSection(SolutionProperties) = preSolution
		HideSolutionNode = FALSE
	EndGlobalSection
EndGlobal
